{
  "version": 4,
  "terraform_version": "1.9.8",
  "serial": 6,
  "lineage": "d3610596-88d4-b10b-134a-16f349f2f2fd",
  "outputs": {
    "import_bucket_name": {
      "value": "polyglot-dev-imports-205922933510",
      "type": "string"
    }
  },
  "resources": [
    {
      "module": "module.curriculum_import",
      "mode": "data",
      "type": "aws_caller_identity",
      "name": "current",
      "provider": "provider[\"registry.terraform.io/hashicorp/aws\"]",
      "instances": [
        {
          "schema_version": 0,
          "attributes": {
            "account_id": "205922933510",
            "arn": "arn:aws:iam::205922933510:user/polyglot-terraform-dev",
            "id": "205922933510",
            "user_id": "AIDAS74PWTMDBUDXJ2FIK"
          },
          "sensitive_attributes": []
        }
      ]
    },
    {
      "module": "module.curriculum_import",
      "mode": "managed",
      "type": "aws_s3_bucket",
      "name": "curriculum_imports",
      "provider": "provider[\"registry.terraform.io/hashicorp/aws\"]",
      "instances": [
        {
          "schema_version": 0,
          "attributes": {
            "acceleration_status": "",
            "acl": null,
            "arn": "arn:aws:s3:::polyglot-dev-imports-205922933510",
            "bucket": "polyglot-dev-imports-205922933510",
            "bucket_domain_name": "polyglot-dev-imports-205922933510.s3.amazonaws.com",
            "bucket_prefix": "",
            "bucket_regional_domain_name": "polyglot-dev-imports-205922933510.s3.us-west-2.amazonaws.com",
            "cors_rule": [],
            "force_destroy": false,
            "grant": [
              {
                "id": "5af947265f48e18868af4e6dde4c7f22a5114fc177f28ac4914e2e444954ae46",
                "permissions": [
                  "FULL_CONTROL"
                ],
                "type": "CanonicalUser",
                "uri": ""
              }
            ],
            "hosted_zone_id": "Z3BJ6K6RIION7M",
            "id": "polyglot-dev-imports-205922933510",
            "lifecycle_rule": [],
            "logging": [],
            "object_lock_configuration": [],
            "object_lock_enabled": false,
            "policy": "",
            "region": "us-west-2",
            "replication_configuration": [],
            "request_payer": "BucketOwner",
            "server_side_encryption_configuration": [
              {
                "rule": [
                  {
                    "apply_server_side_encryption_by_default": [
                      {
                        "kms_master_key_id": "",
                        "sse_algorithm": "AES256"
                      }
                    ],
                    "bucket_key_enabled": false
                  }
                ]
              }
            ],
            "tags": {
              "Component": "curriculum-import",
              "Environment": "development",
              "Project": "polyglot"
            },
            "tags_all": {
              "Component": "curriculum-import",
              "Environment": "development",
              "Project": "polyglot"
            },
            "timeouts": null,
            "versioning": [
              {
                "enabled": false,
                "mfa_delete": false
              }
            ],
            "website": [],
            "website_domain": null,
            "website_endpoint": null
          },
          "sensitive_attributes": [],
          "private": "eyJlMmJmYjczMC1lY2FhLTExZTYtOGY4OC0zNDM2M2JjN2M0YzAiOnsiY3JlYXRlIjoxMjAwMDAwMDAwMDAwLCJkZWxldGUiOjM2MDAwMDAwMDAwMDAsInJlYWQiOjEyMDAwMDAwMDAwMDAsInVwZGF0ZSI6MTIwMDAwMDAwMDAwMH19",
          "dependencies": [
            "module.curriculum_import.data.aws_caller_identity.current"
          ]
        }
      ]
    },
    {
      "module": "module.curriculum_import",
      "mode": "managed",
      "type": "aws_s3_bucket_cors_configuration",
      "name": "curriculum_imports",
      "provider": "provider[\"registry.terraform.io/hashicorp/aws\"]",
      "instances": [
        {
          "schema_version": 0,
          "attributes": {
            "bucket": "polyglot-dev-imports-205922933510",
            "cors_rule": [
              {
                "allowed_headers": [
                  "*"
                ],
                "allowed_methods": [
                  "PUT"
                ],
                "allowed_origins": [
                  "http://localhost:3000"
                ],
                "expose_headers": [],
                "id": "",
                "max_age_seconds": 3000
              }
            ],
            "expected_bucket_owner": "",
            "id": "polyglot-dev-imports-205922933510"
          },
          "sensitive_attributes": [],
          "private": "bnVsbA==",
          "dependencies": [
            "module.curriculum_import.aws_s3_bucket.curriculum_imports",
            "module.curriculum_import.data.aws_caller_identity.current"
          ]
        }
      ]
    },
    {
      "module": "module.curriculum_import",
      "mode": "managed",
      "type": "aws_s3_bucket_lifecycle_configuration",
      "name": "curriculum_imports",
      "provider": "provider[\"registry.terraform.io/hashicorp/aws\"]",
      "instances": [
        {
          "schema_version": 1,
          "attributes": {
            "bucket": "polyglot-dev-imports-205922933510",
            "expected_bucket_owner": "",
            "id": "polyglot-dev-imports-205922933510",
            "rule": [
              {
                "abort_incomplete_multipart_upload": [],
                "expiration": [
                  {
                    "date": null,
                    "days": 30,
                    "expired_object_delete_marker": false
                  }
                ],
                "filter": [
                  {
                    "and": [],
                    "object_size_greater_than": null,
                    "object_size_less_than": null,
                    "prefix": "imports/",
                    "tag": []
                  }
                ],
                "id": "expire-source-objects",
                "noncurrent_version_expiration": [],
                "noncurrent_version_transition": [],
                "prefix": "",
                "status": "Enabled",
                "transition": []
              }
            ],
            "timeouts": null,
            "transition_default_minimum_object_size": "all_storage_classes_128K"
          },
          "sensitive_attributes": [],
          "dependencies": [
            "module.curriculum_import.aws_s3_bucket.curriculum_imports",
            "module.curriculum_import.data.aws_caller_identity.current"
          ]
        }
      ]
    },
    {
      "module": "module.curriculum_import",
      "mode": "managed",
      "type": "aws_s3_bucket_policy",
      "name": "curriculum_imports",
      "provider": "provider[\"registry.terraform.io/hashicorp/aws\"]",
      "instances": [
        {
          "schema_version": 0,
          "attributes": {
            "bucket": "polyglot-dev-imports-205922933510",
            "id": "polyglot-dev-imports-205922933510",
            "policy": "{\"Statement\":[{\"Action\":\"s3:*\",\"Condition\":{\"Bool\":{\"aws:SecureTransport\":\"false\"}},\"Effect\":\"Deny\",\"Principal\":\"*\",\"Resource\":[\"arn:aws:s3:::polyglot-dev-imports-205922933510\",\"arn:aws:s3:::polyglot-dev-imports-205922933510/*\"],\"Sid\":\"DenyInsecureTransport\"}],\"Version\":\"2012-10-17\"}"
          },
          "sensitive_attributes": [],
          "private": "bnVsbA==",
          "dependencies": [
            "module.curriculum_import.aws_s3_bucket.curriculum_imports",
            "module.curriculum_import.data.aws_caller_identity.current"
          ]
        }
      ]
    },
    {
      "module": "module.curriculum_import",
      "mode": "managed",
      "type": "aws_s3_bucket_public_access_block",
      "name": "curriculum_imports",
      "provider": "provider[\"registry.terraform.io/hashicorp/aws\"]",
      "instances": [
        {
          "schema_version": 0,
          "attributes": {
            "block_public_acls": true,
            "block_public_policy": true,
            "bucket": "polyglot-dev-imports-205922933510",
            "id": "polyglot-dev-imports-205922933510",
            "ignore_public_acls": true,
            "restrict_public_buckets": true
          },
          "sensitive_attributes": [],
          "private": "bnVsbA==",
          "dependencies": [
            "module.curriculum_import.aws_s3_bucket.curriculum_imports",
            "module.curriculum_import.data.aws_caller_identity.current"
          ]
        }
      ]
    }
  ],
  "check_results": [
    {
      "object_kind": "var",
      "config_addr": "module.curriculum_import.var.environment",
      "status": "pass",
      "objects": [
        {
          "object_addr": "module.curriculum_import.var.environment",
          "status": "pass"
        }
      ]
    }
  ]
}
