{
  "version": 4,
  "terraform_version": "1.9.8",
  "serial": 13,
  "lineage": "d3610596-88d4-b10b-134a-16f349f2f2fd",
  "outputs": {
    "import_bucket_name": {
      "value": "polyglot-dev-imports-205922933510",
      "type": "string"
    },
    "import_dlq_arn": {
      "value": "arn:aws:sqs:us-west-2:205922933510:polyglot-dev-import-dlq",
      "type": "string"
    },
    "import_lambda_role_arn": {
      "value": "arn:aws:iam::205922933510:role/polyglot-dev-curriculum-import",
      "type": "string"
    },
    "import_queue_url": {
      "value": "https://sqs.us-west-2.amazonaws.com/205922933510/polyglot-dev-import-queue",
      "type": "string"
    }
  },
  "resources": [
    {
      "module": "module.curriculum_import",
      "mode": "data",
      "type": "aws_caller_identity",
      "name": "current",
      "provider": "provider[\"registry.terraform.io/hashicorp/aws\"]",
      "instances": [
        {
          "schema_version": 0,
          "attributes": {
            "account_id": "205922933510",
            "arn": "arn:aws:iam::205922933510:user/polyglot-terraform-dev",
            "id": "205922933510",
            "user_id": "AIDAS74PWTMDBUDXJ2FIK"
          },
          "sensitive_attributes": []
        }
      ]
    },
    {
      "module": "module.curriculum_import",
      "mode": "data",
      "type": "aws_iam_policy_document",
      "name": "curriculum_import_lambda_permissions",
      "provider": "provider[\"registry.terraform.io/hashicorp/aws\"]",
      "instances": [
        {
          "schema_version": 0,
          "attributes": {
            "id": "848312582",
            "json": "{\n  \"Version\": \"2012-10-17\",\n  \"Statement\": [\n    {\n      \"Sid\": \"ConsumeImportQueue\",\n      \"Effect\": \"Allow\",\n      \"Action\": [\n        \"sqs:ReceiveMessage\",\n        \"sqs:GetQueueAttributes\",\n        \"sqs:DeleteMessage\",\n        \"sqs:ChangeMessageVisibility\"\n      ],\n      \"Resource\": \"arn:aws:sqs:us-west-2:205922933510:polyglot-dev-import-queue\"\n    },\n    {\n      \"Sid\": \"ReadImportSourceObjects\",\n      \"Effect\": \"Allow\",\n      \"Action\": \"s3:GetObject\",\n      \"Resource\": \"arn:aws:s3:::polyglot-dev-imports-205922933510/imports/*\"\n    }\n  ]\n}",
            "minified_json": "{\"Version\":\"2012-10-17\",\"Statement\":[{\"Sid\":\"ConsumeImportQueue\",\"Effect\":\"Allow\",\"Action\":[\"sqs:ReceiveMessage\",\"sqs:GetQueueAttributes\",\"sqs:DeleteMessage\",\"sqs:ChangeMessageVisibility\"],\"Resource\":\"arn:aws:sqs:us-west-2:205922933510:polyglot-dev-import-queue\"},{\"Sid\":\"ReadImportSourceObjects\",\"Effect\":\"Allow\",\"Action\":\"s3:GetObject\",\"Resource\":\"arn:aws:s3:::polyglot-dev-imports-205922933510/imports/*\"}]}",
            "override_json": null,
            "override_policy_documents": null,
            "policy_id": null,
            "source_json": null,
            "source_policy_documents": null,
            "statement": [
              {
                "actions": [
                  "sqs:ChangeMessageVisibility",
                  "sqs:DeleteMessage",
                  "sqs:GetQueueAttributes",
                  "sqs:ReceiveMessage"
                ],
                "condition": [],
                "effect": "Allow",
                "not_actions": [],
                "not_principals": [],
                "not_resources": [],
                "principals": [],
                "resources": [
                  "arn:aws:sqs:us-west-2:205922933510:polyglot-dev-import-queue"
                ],
                "sid": "ConsumeImportQueue"
              },
              {
                "actions": [
                  "s3:GetObject"
                ],
                "condition": [],
                "effect": "Allow",
                "not_actions": [],
                "not_principals": [],
                "not_resources": [],
                "principals": [],
                "resources": [
                  "arn:aws:s3:::polyglot-dev-imports-205922933510/imports/*"
                ],
                "sid": "ReadImportSourceObjects"
              }
            ],
            "version": "2012-10-17"
          },
          "sensitive_attributes": []
        }
      ]
    },
    {
      "module": "module.curriculum_import",
      "mode": "data",
      "type": "aws_iam_policy_document",
      "name": "curriculum_import_lambda_trust",
      "provider": "provider[\"registry.terraform.io/hashicorp/aws\"]",
      "instances": [
        {
          "schema_version": 0,
          "attributes": {
            "id": "2690255455",
            "json": "{\n  \"Version\": \"2012-10-17\",\n  \"Statement\": [\n    {\n      \"Effect\": \"Allow\",\n      \"Action\": \"sts:AssumeRole\",\n      \"Principal\": {\n        \"Service\": \"lambda.amazonaws.com\"\n      }\n    }\n  ]\n}",
            "minified_json": "{\"Version\":\"2012-10-17\",\"Statement\":[{\"Effect\":\"Allow\",\"Action\":\"sts:AssumeRole\",\"Principal\":{\"Service\":\"lambda.amazonaws.com\"}}]}",
            "override_json": null,
            "override_policy_documents": null,
            "policy_id": null,
            "source_json": null,
            "source_policy_documents": null,
            "statement": [
              {
                "actions": [
                  "sts:AssumeRole"
                ],
                "condition": [],
                "effect": "Allow",
                "not_actions": [],
                "not_principals": [],
                "not_resources": [],
                "principals": [
                  {
                    "identifiers": [
                      "lambda.amazonaws.com"
                    ],
                    "type": "Service"
                  }
                ],
                "resources": [],
                "sid": ""
              }
            ],
            "version": "2012-10-17"
          },
          "sensitive_attributes": []
        }
      ]
    },
    {
      "module": "module.curriculum_import",
      "mode": "managed",
      "type": "aws_iam_role",
      "name": "curriculum_import_lambda",
      "provider": "provider[\"registry.terraform.io/hashicorp/aws\"]",
      "instances": [
        {
          "schema_version": 0,
          "attributes": {
            "arn": "arn:aws:iam::205922933510:role/polyglot-dev-curriculum-import",
            "assume_role_policy": "{\"Statement\":[{\"Action\":\"sts:AssumeRole\",\"Effect\":\"Allow\",\"Principal\":{\"Service\":\"lambda.amazonaws.com\"}}],\"Version\":\"2012-10-17\"}",
            "create_date": "2026-09-13T00:44:42Z",
            "description": "",
            "force_detach_policies": false,
            "id": "polyglot-dev-curriculum-import",
            "inline_policy": [],
            "managed_policy_arns": [],
            "max_session_duration": 3600,
            "name": "polyglot-dev-curriculum-import",
            "name_prefix": "",
            "path": "/",
            "permissions_boundary": "",
            "tags": {
              "Component": "curriculum-import",
              "Environment": "development",
              "Project": "polyglot"
            },
            "tags_all": {
              "Component": "curriculum-import",
              "Environment": "development",
              "Project": "polyglot"
            },
            "unique_id": "AROAS74PWTMDOSUWBGZ23"
          },
          "sensitive_attributes": [],
          "private": "bnVsbA==",
          "dependencies": [
            "module.curriculum_import.data.aws_iam_policy_document.curriculum_import_lambda_trust"
          ]
        }
      ]
    },
    {
      "module": "module.curriculum_import",
      "mode": "managed",
      "type": "aws_iam_role_policy",
      "name": "curriculum_import_lambda_permissions",
      "provider": "provider[\"registry.terraform.io/hashicorp/aws\"]",
      "instances": [
        {
          "schema_version": 0,
          "attributes": {
            "id": "polyglot-dev-curriculum-import:curriculum-import-permissions",
            "name": "curriculum-import-permissions",
            "name_prefix": "",
            "policy": "{\"Version\":\"2012-10-17\",\"Statement\":[{\"Action\":[\"sqs:ReceiveMessage\",\"sqs:GetQueueAttributes\",\"sqs:DeleteMessage\",\"sqs:ChangeMessageVisibility\"],\"Effect\":\"Allow\",\"Resource\":\"arn:aws:sqs:us-west-2:205922933510:polyglot-dev-import-queue\",\"Sid\":\"ConsumeImportQueue\"},{\"Action\":\"s3:GetObject\",\"Effect\":\"Allow\",\"Resource\":\"arn:aws:s3:::polyglot-dev-imports-205922933510/imports/*\",\"Sid\":\"ReadImportSourceObjects\"}]}",
            "role": "polyglot-dev-curriculum-import"
          },
          "sensitive_attributes": [],
          "private": "bnVsbA==",
          "dependencies": [
            "module.curriculum_import.aws_iam_role.curriculum_import_lambda",
            "module.curriculum_import.aws_s3_bucket.curriculum_imports",
            "module.curriculum_import.aws_sqs_queue.curriculum_import_dlq",
            "module.curriculum_import.aws_sqs_queue.curriculum_import_queue",
            "module.curriculum_import.data.aws_caller_identity.current",
            "module.curriculum_import.data.aws_iam_policy_document.curriculum_import_lambda_permissions",
            "module.curriculum_import.data.aws_iam_policy_document.curriculum_import_lambda_trust"
          ]
        }
      ]
    },
    {
      "module": "module.curriculum_import",
      "mode": "managed",
      "type": "aws_s3_bucket",
      "name": "curriculum_imports",
      "provider": "provider[\"registry.terraform.io/hashicorp/aws\"]",
      "instances": [
        {
          "schema_version": 0,
          "attributes": {
            "acceleration_status": "",
            "acl": null,
            "arn": "arn:aws:s3:::polyglot-dev-imports-205922933510",
            "bucket": "polyglot-dev-imports-205922933510",
            "bucket_domain_name": "polyglot-dev-imports-205922933510.s3.amazonaws.com",
            "bucket_prefix": "",
            "bucket_regional_domain_name": "polyglot-dev-imports-205922933510.s3.us-west-2.amazonaws.com",
            "cors_rule": [
              {
                "allowed_headers": [
                  "*"
                ],
                "allowed_methods": [
                  "PUT"
                ],
                "allowed_origins": [
                  "http://localhost:3000"
                ],
                "expose_headers": [],
                "max_age_seconds": 3000
              }
            ],
            "force_destroy": false,
            "grant": [
              {
                "id": "5af947265f48e18868af4e6dde4c7f22a5114fc177f28ac4914e2e444954ae46",
                "permissions": [
                  "FULL_CONTROL"
                ],
                "type": "CanonicalUser",
                "uri": ""
              }
            ],
            "hosted_zone_id": "Z3BJ6K6RIION7M",
            "id": "polyglot-dev-imports-205922933510",
            "lifecycle_rule": [
              {
                "abort_incomplete_multipart_upload_days": 0,
                "enabled": true,
                "expiration": [
                  {
                    "date": "",
                    "days": 30,
                    "expired_object_delete_marker": false
                  }
                ],
                "id": "expire-source-objects",
                "noncurrent_version_expiration": [],
                "noncurrent_version_transition": [],
                "prefix": "imports/",
                "tags": {},
                "transition": []
              }
            ],
            "logging": [],
            "object_lock_configuration": [],
            "object_lock_enabled": false,
            "policy": "{\"Statement\":[{\"Action\":\"s3:*\",\"Condition\":{\"Bool\":{\"aws:SecureTransport\":\"false\"}},\"Effect\":\"Deny\",\"Principal\":\"*\",\"Resource\":[\"arn:aws:s3:::polyglot-dev-imports-205922933510\",\"arn:aws:s3:::polyglot-dev-imports-205922933510/*\"],\"Sid\":\"DenyInsecureTransport\"}],\"Version\":\"2012-10-17\"}",
            "region": "us-west-2",
            "replication_configuration": [],
            "request_payer": "BucketOwner",
            "server_side_encryption_configuration": [
              {
                "rule": [
                  {
                    "apply_server_side_encryption_by_default": [
                      {
                        "kms_master_key_id": "",
                        "sse_algorithm": "AES256"
                      }
                    ],
                    "bucket_key_enabled": false
                  }
                ]
              }
            ],
            "tags": {
              "Component": "curriculum-import",
              "Environment": "development",
              "Project": "polyglot"
            },
            "tags_all": {
              "Component": "curriculum-import",
              "Environment": "development",
              "Project": "polyglot"
            },
            "timeouts": null,
            "versioning": [
              {
                "enabled": false,
                "mfa_delete": false
              }
            ],
            "website": [],
            "website_domain": null,
            "website_endpoint": null
          },
          "sensitive_attributes": [],
          "private": "eyJlMmJmYjczMC1lY2FhLTExZTYtOGY4OC0zNDM2M2JjN2M0YzAiOnsiY3JlYXRlIjoxMjAwMDAwMDAwMDAwLCJkZWxldGUiOjM2MDAwMDAwMDAwMDAsInJlYWQiOjEyMDAwMDAwMDAwMDAsInVwZGF0ZSI6MTIwMDAwMDAwMDAwMH19",
          "dependencies": [
            "module.curriculum_import.data.aws_caller_identity.current"
          ]
        }
      ]
    },
    {
      "module": "module.curriculum_import",
      "mode": "managed",
      "type": "aws_s3_bucket_cors_configuration",
      "name": "curriculum_imports",
      "provider": "provider[\"registry.terraform.io/hashicorp/aws\"]",
      "instances": [
        {
          "schema_version": 0,
          "attributes": {
            "bucket": "polyglot-dev-imports-205922933510",
            "cors_rule": [
              {
                "allowed_headers": [
                  "*"
                ],
                "allowed_methods": [
                  "PUT"
                ],
                "allowed_origins": [
                  "http://localhost:3000"
                ],
                "expose_headers": [],
                "id": "",
                "max_age_seconds": 3000
              }
            ],
            "expected_bucket_owner": "",
            "id": "polyglot-dev-imports-205922933510"
          },
          "sensitive_attributes": [],
          "private": "bnVsbA==",
          "dependencies": [
            "module.curriculum_import.aws_s3_bucket.curriculum_imports",
            "module.curriculum_import.data.aws_caller_identity.current"
          ]
        }
      ]
    },
    {
      "module": "module.curriculum_import",
      "mode": "managed",
      "type": "aws_s3_bucket_lifecycle_configuration",
      "name": "curriculum_imports",
      "provider": "provider[\"registry.terraform.io/hashicorp/aws\"]",
      "instances": [
        {
          "schema_version": 1,
          "attributes": {
            "bucket": "polyglot-dev-imports-205922933510",
            "expected_bucket_owner": "",
            "id": "polyglot-dev-imports-205922933510",
            "rule": [
              {
                "abort_incomplete_multipart_upload": [],
                "expiration": [
                  {
                    "date": null,
                    "days": 30,
                    "expired_object_delete_marker": false
                  }
                ],
                "filter": [
                  {
                    "and": [],
                    "object_size_greater_than": null,
                    "object_size_less_than": null,
                    "prefix": "imports/",
                    "tag": []
                  }
                ],
                "id": "expire-source-objects",
                "noncurrent_version_expiration": [],
                "noncurrent_version_transition": [],
                "prefix": "",
                "status": "Enabled",
                "transition": []
              }
            ],
            "timeouts": null,
            "transition_default_minimum_object_size": "all_storage_classes_128K"
          },
          "sensitive_attributes": [],
          "dependencies": [
            "module.curriculum_import.aws_s3_bucket.curriculum_imports",
            "module.curriculum_import.data.aws_caller_identity.current"
          ]
        }
      ]
    },
    {
      "module": "module.curriculum_import",
      "mode": "managed",
      "type": "aws_s3_bucket_policy",
      "name": "curriculum_imports",
      "provider": "provider[\"registry.terraform.io/hashicorp/aws\"]",
      "instances": [
        {
          "schema_version": 0,
          "attributes": {
            "bucket": "polyglot-dev-imports-205922933510",
            "id": "polyglot-dev-imports-205922933510",
            "policy": "{\"Statement\":[{\"Action\":\"s3:*\",\"Condition\":{\"Bool\":{\"aws:SecureTransport\":\"false\"}},\"Effect\":\"Deny\",\"Principal\":\"*\",\"Resource\":[\"arn:aws:s3:::polyglot-dev-imports-205922933510\",\"arn:aws:s3:::polyglot-dev-imports-205922933510/*\"],\"Sid\":\"DenyInsecureTransport\"}],\"Version\":\"2012-10-17\"}"
          },
          "sensitive_attributes": [],
          "private": "bnVsbA==",
          "dependencies": [
            "module.curriculum_import.aws_s3_bucket.curriculum_imports",
            "module.curriculum_import.data.aws_caller_identity.current"
          ]
        }
      ]
    },
    {
      "module": "module.curriculum_import",
      "mode": "managed",
      "type": "aws_s3_bucket_public_access_block",
      "name": "curriculum_imports",
      "provider": "provider[\"registry.terraform.io/hashicorp/aws\"]",
      "instances": [
        {
          "schema_version": 0,
          "attributes": {
            "block_public_acls": true,
            "block_public_policy": true,
            "bucket": "polyglot-dev-imports-205922933510",
            "id": "polyglot-dev-imports-205922933510",
            "ignore_public_acls": true,
            "restrict_public_buckets": true
          },
          "sensitive_attributes": [],
          "private": "bnVsbA==",
          "dependencies": [
            "module.curriculum_import.aws_s3_bucket.curriculum_imports",
            "module.curriculum_import.data.aws_caller_identity.current"
          ]
        }
      ]
    },
    {
      "module": "module.curriculum_import",
      "mode": "managed",
      "type": "aws_sqs_queue",
      "name": "curriculum_import_dlq",
      "provider": "provider[\"registry.terraform.io/hashicorp/aws\"]",
      "instances": [
        {
          "schema_version": 0,
          "attributes": {
            "arn": "arn:aws:sqs:us-west-2:205922933510:polyglot-dev-import-dlq",
            "content_based_deduplication": false,
            "deduplication_scope": "",
            "delay_seconds": 0,
            "fifo_queue": false,
            "fifo_throughput_limit": "",
            "id": "https://sqs.us-west-2.amazonaws.com/205922933510/polyglot-dev-import-dlq",
            "kms_data_key_reuse_period_seconds": 300,
            "kms_master_key_id": "",
            "max_message_size": 262144,
            "message_retention_seconds": 1209600,
            "name": "polyglot-dev-import-dlq",
            "name_prefix": "",
            "policy": "",
            "receive_wait_time_seconds": 0,
            "redrive_allow_policy": "",
            "redrive_policy": "",
            "sqs_managed_sse_enabled": true,
            "tags": {
              "Component": "curriculum-import",
              "Environment": "development",
              "Project": "polyglot"
            },
            "tags_all": {
              "Component": "curriculum-import",
              "Environment": "development",
              "Project": "polyglot"
            },
            "timeouts": null,
            "url": "https://sqs.us-west-2.amazonaws.com/205922933510/polyglot-dev-import-dlq",
            "visibility_timeout_seconds": 30
          },
          "sensitive_attributes": [],
          "private": "eyJlMmJmYjczMC1lY2FhLTExZTYtOGY4OC0zNDM2M2JjN2M0YzAiOnsiY3JlYXRlIjoxODAwMDAwMDAwMDAsImRlbGV0ZSI6MTgwMDAwMDAwMDAwLCJ1cGRhdGUiOjE4MDAwMDAwMDAwMH19"
        }
      ]
    },
    {
      "module": "module.curriculum_import",
      "mode": "managed",
      "type": "aws_sqs_queue",
      "name": "curriculum_import_queue",
      "provider": "provider[\"registry.terraform.io/hashicorp/aws\"]",
      "instances": [
        {
          "schema_version": 0,
          "attributes": {
            "arn": "arn:aws:sqs:us-west-2:205922933510:polyglot-dev-import-queue",
            "content_based_deduplication": false,
            "deduplication_scope": "",
            "delay_seconds": 0,
            "fifo_queue": false,
            "fifo_throughput_limit": "",
            "id": "https://sqs.us-west-2.amazonaws.com/205922933510/polyglot-dev-import-queue",
            "kms_data_key_reuse_period_seconds": 300,
            "kms_master_key_id": "",
            "max_message_size": 262144,
            "message_retention_seconds": 345600,
            "name": "polyglot-dev-import-queue",
            "name_prefix": "",
            "policy": "",
            "receive_wait_time_seconds": 0,
            "redrive_allow_policy": "",
            "redrive_policy": "{\"deadLetterTargetArn\":\"arn:aws:sqs:us-west-2:205922933510:polyglot-dev-import-dlq\",\"maxReceiveCount\":3}",
            "sqs_managed_sse_enabled": true,
            "tags": {
              "Component": "curriculum-import",
              "Environment": "development",
              "Project": "polyglot"
            },
            "tags_all": {
              "Component": "curriculum-import",
              "Environment": "development",
              "Project": "polyglot"
            },
            "timeouts": null,
            "url": "https://sqs.us-west-2.amazonaws.com/205922933510/polyglot-dev-import-queue",
            "visibility_timeout_seconds": 1800
          },
          "sensitive_attributes": [],
          "private": "eyJlMmJmYjczMC1lY2FhLTExZTYtOGY4OC0zNDM2M2JjN2M0YzAiOnsiY3JlYXRlIjoxODAwMDAwMDAwMDAsImRlbGV0ZSI6MTgwMDAwMDAwMDAwLCJ1cGRhdGUiOjE4MDAwMDAwMDAwMH19",
          "dependencies": [
            "module.curriculum_import.aws_sqs_queue.curriculum_import_dlq"
          ]
        }
      ]
    },
    {
      "module": "module.curriculum_import",
      "mode": "managed",
      "type": "aws_sqs_queue_policy",
      "name": "curriculum_import_queue_allows_s3",
      "provider": "provider[\"registry.terraform.io/hashicorp/aws\"]",
      "instances": [
        {
          "schema_version": 1,
          "attributes": {
            "id": "https://sqs.us-west-2.amazonaws.com/205922933510/polyglot-dev-import-queue",
            "policy": "{\"Statement\":[{\"Action\":\"sqs:SendMessage\",\"Condition\":{\"ArnEquals\":{\"aws:SourceArn\":\"arn:aws:s3:::polyglot-dev-imports-205922933510\"},\"StringEquals\":{\"aws:SourceAccount\":\"205922933510\"}},\"Effect\":\"Allow\",\"Principal\":{\"Service\":\"s3.amazonaws.com\"},\"Resource\":\"arn:aws:sqs:us-west-2:205922933510:polyglot-dev-import-queue\",\"Sid\":\"AllowS3BucketNotification\"}],\"Version\":\"2012-10-17\"}",
            "queue_url": "https://sqs.us-west-2.amazonaws.com/205922933510/polyglot-dev-import-queue"
          },
          "sensitive_attributes": [],
          "private": "eyJzY2hlbWFfdmVyc2lvbiI6IjEifQ==",
          "dependencies": [
            "module.curriculum_import.aws_s3_bucket.curriculum_imports",
            "module.curriculum_import.aws_sqs_queue.curriculum_import_dlq",
            "module.curriculum_import.aws_sqs_queue.curriculum_import_queue",
            "module.curriculum_import.data.aws_caller_identity.current"
          ]
        }
      ]
    }
  ],
  "check_results": [
    {
      "object_kind": "var",
      "config_addr": "module.curriculum_import.var.environment",
      "status": "pass",
      "objects": [
        {
          "object_addr": "module.curriculum_import.var.environment",
          "status": "pass"
        }
      ]
    }
  ]
}
