{
  "version": 4,
  "terraform_version": "1.9.8",
  "serial": 33,
  "lineage": "d3610596-88d4-b10b-134a-16f349f2f2fd",
  "outputs": {
    "database_url_parameter_name": {
      "value": "/polyglot/development/curriculum-import/database-url",
      "type": "string"
    },
    "import_bucket_name": {
      "value": "polyglot-dev-imports-205922933510",
      "type": "string"
    },
    "import_dlq_arn": {
      "value": "arn:aws:sqs:us-west-2:205922933510:polyglot-dev-import-dlq",
      "type": "string"
    },
    "import_lambda_function_name": {
      "value": "polyglot-dev-curriculum-import",
      "type": "string"
    },
    "import_lambda_role_arn": {
      "value": "arn:aws:iam::205922933510:role/polyglot-dev-curriculum-import",
      "type": "string"
    },
    "import_queue_url": {
      "value": "https://sqs.us-west-2.amazonaws.com/205922933510/polyglot-dev-import-queue",
      "type": "string"
    }
  },
  "resources": [
    {
      "module": "module.curriculum_import",
      "mode": "data",
      "type": "archive_file",
      "name": "lambda_package",
      "provider": "provider[\"registry.terraform.io/hashicorp/archive\"]",
      "instances": [
        {
          "schema_version": 0,
          "attributes": {
            "exclude_symlink_directories": null,
            "excludes": null,
            "id": "979eb3930ed303d21fab736c1b2ee91535684fef",
            "output_base64sha256": "3X6J2qqVJ5R8vHWhRKJLvDBeT3DX9O3GERQXYjwzWhU=",
            "output_base64sha512": "JLOqvWiZUS69iMQZi+m8ZDKs+BXiTAV2F3XyK09/32Wirb5XTMqqvch4n5C96yMReTLVonImmnoiTErYVAgbcQ==",
            "output_file_mode": null,
            "output_md5": "73031702c9bfce93112b48450c1e4695",
            "output_path": "../../modules/curriculum-import/../../../../dist/lambda/curriculum-import.zip",
            "output_sha": "979eb3930ed303d21fab736c1b2ee91535684fef",
            "output_sha256": "dd7e89daaa9527947cbc75a144a24bbc305e4f70d7f4edc6111417623c335a15",
            "output_sha512": "24b3aabd6899512ebd88c4198be9bc6432acf815e24c05761775f22b4f7fdf65a2adbe574ccaaabdc8789f90bdeb23117932d5a272269a7a224c4ad854081b71",
            "output_size": 593552,
            "source": [],
            "source_content": null,
            "source_content_filename": null,
            "source_dir": null,
            "source_file": "../../modules/curriculum-import/../../../../dist/lambda/curriculum-import/index.js",
            "type": "zip"
          },
          "sensitive_attributes": []
        }
      ]
    },
    {
      "module": "module.curriculum_import",
      "mode": "data",
      "type": "aws_caller_identity",
      "name": "current",
      "provider": "provider[\"registry.terraform.io/hashicorp/aws\"]",
      "instances": [
        {
          "schema_version": 0,
          "attributes": {
            "account_id": "205922933510",
            "arn": "arn:aws:iam::205922933510:user/polyglot-terraform-dev",
            "id": "205922933510",
            "user_id": "AIDAS74PWTMDBUDXJ2FIK"
          },
          "sensitive_attributes": []
        }
      ]
    },
    {
      "module": "module.curriculum_import",
      "mode": "data",
      "type": "aws_iam_policy_document",
      "name": "curriculum_import_lambda_permissions",
      "provider": "provider[\"registry.terraform.io/hashicorp/aws\"]",
      "instances": [
        {
          "schema_version": 0,
          "attributes": {
            "id": "976872503",
            "json": "{\n  \"Version\": \"2012-10-17\",\n  \"Statement\": [\n    {\n      \"Sid\": \"ConsumeImportQueue\",\n      \"Effect\": \"Allow\",\n      \"Action\": [\n        \"sqs:ReceiveMessage\",\n        \"sqs:GetQueueAttributes\",\n        \"sqs:DeleteMessage\",\n        \"sqs:ChangeMessageVisibility\"\n      ],\n      \"Resource\": \"arn:aws:sqs:us-west-2:205922933510:polyglot-dev-import-queue\"\n    },\n    {\n      \"Sid\": \"ReadImportSourceObjects\",\n      \"Effect\": \"Allow\",\n      \"Action\": \"s3:GetObject\",\n      \"Resource\": \"arn:aws:s3:::polyglot-dev-imports-205922933510/imports/*\"\n    },\n    {\n      \"Sid\": \"ReadDatabaseUrlParameter\",\n      \"Effect\": \"Allow\",\n      \"Action\": \"ssm:GetParameter\",\n      \"Resource\": \"arn:aws:ssm:us-west-2:205922933510:parameter/polyglot/development/curriculum-import/database-url\"\n    },\n    {\n      \"Sid\": \"DecryptDatabaseUrlParameter\",\n      \"Effect\": \"Allow\",\n      \"Action\": \"kms:Decrypt\",\n      \"Resource\": \"arn:aws:kms:us-west-2:205922933510:alias/aws/ssm\"\n    }\n  ]\n}",
            "minified_json": "{\"Version\":\"2012-10-17\",\"Statement\":[{\"Sid\":\"ConsumeImportQueue\",\"Effect\":\"Allow\",\"Action\":[\"sqs:ReceiveMessage\",\"sqs:GetQueueAttributes\",\"sqs:DeleteMessage\",\"sqs:ChangeMessageVisibility\"],\"Resource\":\"arn:aws:sqs:us-west-2:205922933510:polyglot-dev-import-queue\"},{\"Sid\":\"ReadImportSourceObjects\",\"Effect\":\"Allow\",\"Action\":\"s3:GetObject\",\"Resource\":\"arn:aws:s3:::polyglot-dev-imports-205922933510/imports/*\"},{\"Sid\":\"ReadDatabaseUrlParameter\",\"Effect\":\"Allow\",\"Action\":\"ssm:GetParameter\",\"Resource\":\"arn:aws:ssm:us-west-2:205922933510:parameter/polyglot/development/curriculum-import/database-url\"},{\"Sid\":\"DecryptDatabaseUrlParameter\",\"Effect\":\"Allow\",\"Action\":\"kms:Decrypt\",\"Resource\":\"arn:aws:kms:us-west-2:205922933510:alias/aws/ssm\"}]}",
            "override_json": null,
            "override_policy_documents": null,
            "policy_id": null,
            "source_json": null,
            "source_policy_documents": null,
            "statement": [
              {
                "actions": [
                  "sqs:ChangeMessageVisibility",
                  "sqs:DeleteMessage",
                  "sqs:GetQueueAttributes",
                  "sqs:ReceiveMessage"
                ],
                "condition": [],
                "effect": "Allow",
                "not_actions": [],
                "not_principals": [],
                "not_resources": [],
                "principals": [],
                "resources": [
                  "arn:aws:sqs:us-west-2:205922933510:polyglot-dev-import-queue"
                ],
                "sid": "ConsumeImportQueue"
              },
              {
                "actions": [
                  "s3:GetObject"
                ],
                "condition": [],
                "effect": "Allow",
                "not_actions": [],
                "not_principals": [],
                "not_resources": [],
                "principals": [],
                "resources": [
                  "arn:aws:s3:::polyglot-dev-imports-205922933510/imports/*"
                ],
                "sid": "ReadImportSourceObjects"
              },
              {
                "actions": [
                  "ssm:GetParameter"
                ],
                "condition": [],
                "effect": "Allow",
                "not_actions": [],
                "not_principals": [],
                "not_resources": [],
                "principals": [],
                "resources": [
                  "arn:aws:ssm:us-west-2:205922933510:parameter/polyglot/development/curriculum-import/database-url"
                ],
                "sid": "ReadDatabaseUrlParameter"
              },
              {
                "actions": [
                  "kms:Decrypt"
                ],
                "condition": [],
                "effect": "Allow",
                "not_actions": [],
                "not_principals": [],
                "not_resources": [],
                "principals": [],
                "resources": [
                  "arn:aws:kms:us-west-2:205922933510:alias/aws/ssm"
                ],
                "sid": "DecryptDatabaseUrlParameter"
              }
            ],
            "version": "2012-10-17"
          },
          "sensitive_attributes": []
        }
      ]
    },
    {
      "module": "module.curriculum_import",
      "mode": "data",
      "type": "aws_iam_policy_document",
      "name": "curriculum_import_lambda_trust",
      "provider": "provider[\"registry.terraform.io/hashicorp/aws\"]",
      "instances": [
        {
          "schema_version": 0,
          "attributes": {
            "id": "2690255455",
            "json": "{\n  \"Version\": \"2012-10-17\",\n  \"Statement\": [\n    {\n      \"Effect\": \"Allow\",\n      \"Action\": \"sts:AssumeRole\",\n      \"Principal\": {\n        \"Service\": \"lambda.amazonaws.com\"\n      }\n    }\n  ]\n}",
            "minified_json": "{\"Version\":\"2012-10-17\",\"Statement\":[{\"Effect\":\"Allow\",\"Action\":\"sts:AssumeRole\",\"Principal\":{\"Service\":\"lambda.amazonaws.com\"}}]}",
            "override_json": null,
            "override_policy_documents": null,
            "policy_id": null,
            "source_json": null,
            "source_policy_documents": null,
            "statement": [
              {
                "actions": [
                  "sts:AssumeRole"
                ],
                "condition": [],
                "effect": "Allow",
                "not_actions": [],
                "not_principals": [],
                "not_resources": [],
                "principals": [
                  {
                    "identifiers": [
                      "lambda.amazonaws.com"
                    ],
                    "type": "Service"
                  }
                ],
                "resources": [],
                "sid": ""
              }
            ],
            "version": "2012-10-17"
          },
          "sensitive_attributes": []
        }
      ]
    },
    {
      "module": "module.curriculum_import",
      "mode": "data",
      "type": "aws_region",
      "name": "current",
      "provider": "provider[\"registry.terraform.io/hashicorp/aws\"]",
      "instances": [
        {
          "schema_version": 0,
          "attributes": {
            "description": "US West (Oregon)",
            "endpoint": "ec2.us-west-2.amazonaws.com",
            "id": "us-west-2",
            "name": "us-west-2"
          },
          "sensitive_attributes": []
        }
      ]
    },
    {
      "module": "module.curriculum_import",
      "mode": "managed",
      "type": "aws_iam_role",
      "name": "curriculum_import_lambda",
      "provider": "provider[\"registry.terraform.io/hashicorp/aws\"]",
      "instances": [
        {
          "schema_version": 0,
          "attributes": {
            "arn": "arn:aws:iam::205922933510:role/polyglot-dev-curriculum-import",
            "assume_role_policy": "{\"Statement\":[{\"Action\":\"sts:AssumeRole\",\"Effect\":\"Allow\",\"Principal\":{\"Service\":\"lambda.amazonaws.com\"}}],\"Version\":\"2012-10-17\"}",
            "create_date": "2026-09-13T00:44:42Z",
            "description": "",
            "force_detach_policies": false,
            "id": "polyglot-dev-curriculum-import",
            "inline_policy": [
              {
                "name": "curriculum-import-permissions",
                "policy": "{\"Version\":\"2012-10-17\",\"Statement\":[{\"Action\":[\"sqs:ReceiveMessage\",\"sqs:GetQueueAttributes\",\"sqs:DeleteMessage\",\"sqs:ChangeMessageVisibility\"],\"Effect\":\"Allow\",\"Resource\":\"arn:aws:sqs:us-west-2:205922933510:polyglot-dev-import-queue\",\"Sid\":\"ConsumeImportQueue\"},{\"Action\":\"s3:GetObject\",\"Effect\":\"Allow\",\"Resource\":\"arn:aws:s3:::polyglot-dev-imports-205922933510/imports/*\",\"Sid\":\"ReadImportSourceObjects\"},{\"Action\":\"ssm:GetParameter\",\"Effect\":\"Allow\",\"Resource\":\"arn:aws:ssm:us-west-2:205922933510:parameter/polyglot/development/curriculum-import/database-url\",\"Sid\":\"ReadDatabaseUrlParameter\"},{\"Action\":\"kms:Decrypt\",\"Effect\":\"Allow\",\"Resource\":\"arn:aws:kms:us-west-2:205922933510:alias/aws/ssm\",\"Sid\":\"DecryptDatabaseUrlParameter\"}]}"
              }
            ],
            "managed_policy_arns": [],
            "max_session_duration": 3600,
            "name": "polyglot-dev-curriculum-import",
            "name_prefix": "",
            "path": "/",
            "permissions_boundary": "",
            "tags": {
              "Component": "curriculum-import",
              "Environment": "development",
              "Project": "polyglot"
            },
            "tags_all": {
              "Component": "curriculum-import",
              "Environment": "development",
              "Project": "polyglot"
            },
            "unique_id": "AROAS74PWTMDOSUWBGZ23"
          },
          "sensitive_attributes": [],
          "private": "bnVsbA==",
          "dependencies": [
            "module.curriculum_import.data.aws_iam_policy_document.curriculum_import_lambda_trust"
          ]
        }
      ]
    },
    {
      "module": "module.curriculum_import",
      "mode": "managed",
      "type": "aws_iam_role_policy",
      "name": "curriculum_import_lambda_permissions",
      "provider": "provider[\"registry.terraform.io/hashicorp/aws\"]",
      "instances": [
        {
          "schema_version": 0,
          "attributes": {
            "id": "polyglot-dev-curriculum-import:curriculum-import-permissions",
            "name": "curriculum-import-permissions",
            "name_prefix": "",
            "policy": "{\"Version\":\"2012-10-17\",\"Statement\":[{\"Action\":[\"sqs:ReceiveMessage\",\"sqs:GetQueueAttributes\",\"sqs:DeleteMessage\",\"sqs:ChangeMessageVisibility\"],\"Effect\":\"Allow\",\"Resource\":\"arn:aws:sqs:us-west-2:205922933510:polyglot-dev-import-queue\",\"Sid\":\"ConsumeImportQueue\"},{\"Action\":\"s3:GetObject\",\"Effect\":\"Allow\",\"Resource\":\"arn:aws:s3:::polyglot-dev-imports-205922933510/imports/*\",\"Sid\":\"ReadImportSourceObjects\"},{\"Action\":\"ssm:GetParameter\",\"Effect\":\"Allow\",\"Resource\":\"arn:aws:ssm:us-west-2:205922933510:parameter/polyglot/development/curriculum-import/database-url\",\"Sid\":\"ReadDatabaseUrlParameter\"},{\"Action\":\"kms:Decrypt\",\"Effect\":\"Allow\",\"Resource\":\"arn:aws:kms:us-west-2:205922933510:alias/aws/ssm\",\"Sid\":\"DecryptDatabaseUrlParameter\"}]}",
            "role": "polyglot-dev-curriculum-import"
          },
          "sensitive_attributes": [],
          "private": "bnVsbA==",
          "dependencies": [
            "module.curriculum_import.aws_iam_role.curriculum_import_lambda",
            "module.curriculum_import.aws_s3_bucket.curriculum_imports",
            "module.curriculum_import.aws_sqs_queue.curriculum_import_dlq",
            "module.curriculum_import.aws_sqs_queue.curriculum_import_queue",
            "module.curriculum_import.aws_ssm_parameter.database_url",
            "module.curriculum_import.data.aws_caller_identity.current",
            "module.curriculum_import.data.aws_iam_policy_document.curriculum_import_lambda_permissions",
            "module.curriculum_import.data.aws_iam_policy_document.curriculum_import_lambda_trust",
            "module.curriculum_import.data.aws_region.current"
          ]
        }
      ]
    },
    {
      "module": "module.curriculum_import",
      "mode": "managed",
      "type": "aws_lambda_event_source_mapping",
      "name": "curriculum_import_queue",
      "provider": "provider[\"registry.terraform.io/hashicorp/aws\"]",
      "instances": [
        {
          "schema_version": 0,
          "attributes": {
            "amazon_managed_kafka_event_source_config": [],
            "arn": "arn:aws:lambda:us-west-2:205922933510:event-source-mapping:9ec8564d-501c-41ed-b83c-cdb89fcc1082",
            "batch_size": 1,
            "bisect_batch_on_function_error": false,
            "destination_config": [],
            "document_db_event_source_config": [],
            "enabled": true,
            "event_source_arn": "arn:aws:sqs:us-west-2:205922933510:polyglot-dev-import-queue",
            "filter_criteria": [],
            "function_arn": "arn:aws:lambda:us-west-2:205922933510:function:polyglot-dev-curriculum-import",
            "function_name": "arn:aws:lambda:us-west-2:205922933510:function:polyglot-dev-curriculum-import",
            "function_response_types": [],
            "id": "9ec8564d-501c-41ed-b83c-cdb89fcc1082",
            "kms_key_arn": "",
            "last_modified": "2026-09-13T01:46:42Z",
            "last_processing_result": "",
            "maximum_batching_window_in_seconds": 0,
            "maximum_record_age_in_seconds": 0,
            "maximum_retry_attempts": 0,
            "metrics_config": [],
            "parallelization_factor": 0,
            "provisioned_poller_config": [],
            "queues": [],
            "scaling_config": [],
            "self_managed_event_source": [],
            "self_managed_kafka_event_source_config": [],
            "source_access_configuration": [],
            "starting_position": "",
            "starting_position_timestamp": "",
            "state": "Enabled",
            "state_transition_reason": "USER_INITIATED",
            "tags": {},
            "tags_all": {},
            "topics": [],
            "tumbling_window_in_seconds": 0,
            "uuid": "9ec8564d-501c-41ed-b83c-cdb89fcc1082"
          },
          "sensitive_attributes": [],
          "private": "bnVsbA==",
          "dependencies": [
            "module.curriculum_import.aws_iam_role.curriculum_import_lambda",
            "module.curriculum_import.aws_lambda_function.curriculum_import",
            "module.curriculum_import.aws_sqs_queue.curriculum_import_dlq",
            "module.curriculum_import.aws_sqs_queue.curriculum_import_queue",
            "module.curriculum_import.aws_ssm_parameter.database_url",
            "module.curriculum_import.data.archive_file.lambda_package",
            "module.curriculum_import.data.aws_iam_policy_document.curriculum_import_lambda_trust"
          ]
        }
      ]
    },
    {
      "module": "module.curriculum_import",
      "mode": "managed",
      "type": "aws_lambda_function",
      "name": "curriculum_import",
      "provider": "provider[\"registry.terraform.io/hashicorp/aws\"]",
      "instances": [
        {
          "schema_version": 0,
          "attributes": {
            "architectures": [
              "x86_64"
            ],
            "arn": "arn:aws:lambda:us-west-2:205922933510:function:polyglot-dev-curriculum-import",
            "code_sha256": "3X6J2qqVJ5R8vHWhRKJLvDBeT3DX9O3GERQXYjwzWhU=",
            "code_signing_config_arn": "",
            "dead_letter_config": [],
            "description": "",
            "environment": [
              {
                "variables": {
                  "DATABASE_URL_PARAMETER_NAME": "/polyglot/development/curriculum-import/database-url",
                  "POLYGLOT_ENV": "development"
                }
              }
            ],
            "ephemeral_storage": [
              {
                "size": 512
              }
            ],
            "file_system_config": [],
            "filename": "../../modules/curriculum-import/../../../../dist/lambda/curriculum-import.zip",
            "function_name": "polyglot-dev-curriculum-import",
            "handler": "index.handler",
            "id": "polyglot-dev-curriculum-import",
            "image_config": [],
            "image_uri": "",
            "invoke_arn": "arn:aws:apigateway:us-west-2:lambda:path/2015-03-31/functions/arn:aws:lambda:us-west-2:205922933510:function:polyglot-dev-curriculum-import/invocations",
            "kms_key_arn": "",
            "last_modified": "2026-09-13T04:35:26.000+0000",
            "layers": [],
            "logging_config": [
              {
                "application_log_level": "",
                "log_format": "Text",
                "log_group": "/aws/lambda/polyglot-dev-curriculum-import",
                "system_log_level": ""
              }
            ],
            "memory_size": 512,
            "package_type": "Zip",
            "publish": false,
            "qualified_arn": "arn:aws:lambda:us-west-2:205922933510:function:polyglot-dev-curriculum-import:$LATEST",
            "qualified_invoke_arn": "arn:aws:apigateway:us-west-2:lambda:path/2015-03-31/functions/arn:aws:lambda:us-west-2:205922933510:function:polyglot-dev-curriculum-import:$LATEST/invocations",
            "replace_security_groups_on_destroy": null,
            "replacement_security_group_ids": null,
            "reserved_concurrent_executions": -1,
            "role": "arn:aws:iam::205922933510:role/polyglot-dev-curriculum-import",
            "runtime": "nodejs20.x",
            "s3_bucket": null,
            "s3_key": null,
            "s3_object_version": null,
            "signing_job_arn": "",
            "signing_profile_version_arn": "",
            "skip_destroy": false,
            "snap_start": [],
            "source_code_hash": "3X6J2qqVJ5R8vHWhRKJLvDBeT3DX9O3GERQXYjwzWhU=",
            "source_code_size": 593552,
            "tags": {
              "Component": "curriculum-import",
              "Environment": "development",
              "Project": "polyglot"
            },
            "tags_all": {
              "Component": "curriculum-import",
              "Environment": "development",
              "Project": "polyglot"
            },
            "timeout": 300,
            "timeouts": null,
            "tracing_config": [
              {
                "mode": "PassThrough"
              }
            ],
            "version": "$LATEST",
            "vpc_config": []
          },
          "sensitive_attributes": [],
          "private": "eyJlMmJmYjczMC1lY2FhLTExZTYtOGY4OC0zNDM2M2JjN2M0YzAiOnsiY3JlYXRlIjo2MDAwMDAwMDAwMDAsImRlbGV0ZSI6NjAwMDAwMDAwMDAwLCJ1cGRhdGUiOjYwMDAwMDAwMDAwMH19",
          "dependencies": [
            "module.curriculum_import.aws_iam_role.curriculum_import_lambda",
            "module.curriculum_import.aws_ssm_parameter.database_url",
            "module.curriculum_import.data.archive_file.lambda_package",
            "module.curriculum_import.data.aws_iam_policy_document.curriculum_import_lambda_trust"
          ]
        }
      ]
    },
    {
      "module": "module.curriculum_import",
      "mode": "managed",
      "type": "aws_s3_bucket",
      "name": "curriculum_imports",
      "provider": "provider[\"registry.terraform.io/hashicorp/aws\"]",
      "instances": [
        {
          "schema_version": 0,
          "attributes": {
            "acceleration_status": "",
            "acl": null,
            "arn": "arn:aws:s3:::polyglot-dev-imports-205922933510",
            "bucket": "polyglot-dev-imports-205922933510",
            "bucket_domain_name": "polyglot-dev-imports-205922933510.s3.amazonaws.com",
            "bucket_prefix": "",
            "bucket_regional_domain_name": "polyglot-dev-imports-205922933510.s3.us-west-2.amazonaws.com",
            "cors_rule": [
              {
                "allowed_headers": [
                  "*"
                ],
                "allowed_methods": [
                  "PUT"
                ],
                "allowed_origins": [
                  "http://localhost:3000",
                  "http://localhost:3001",
                  "http://localhost:3002"
                ],
                "expose_headers": [],
                "max_age_seconds": 3000
              }
            ],
            "force_destroy": false,
            "grant": [
              {
                "id": "5af947265f48e18868af4e6dde4c7f22a5114fc177f28ac4914e2e444954ae46",
                "permissions": [
                  "FULL_CONTROL"
                ],
                "type": "CanonicalUser",
                "uri": ""
              }
            ],
            "hosted_zone_id": "Z3BJ6K6RIION7M",
            "id": "polyglot-dev-imports-205922933510",
            "lifecycle_rule": [
              {
                "abort_incomplete_multipart_upload_days": 0,
                "enabled": true,
                "expiration": [
                  {
                    "date": "",
                    "days": 30,
                    "expired_object_delete_marker": false
                  }
                ],
                "id": "expire-source-objects",
                "noncurrent_version_expiration": [],
                "noncurrent_version_transition": [],
                "prefix": "imports/",
                "tags": {},
                "transition": []
              }
            ],
            "logging": [],
            "object_lock_configuration": [],
            "object_lock_enabled": false,
            "policy": "{\"Statement\":[{\"Action\":\"s3:*\",\"Condition\":{\"Bool\":{\"aws:SecureTransport\":\"false\"}},\"Effect\":\"Deny\",\"Principal\":\"*\",\"Resource\":[\"arn:aws:s3:::polyglot-dev-imports-205922933510\",\"arn:aws:s3:::polyglot-dev-imports-205922933510/*\"],\"Sid\":\"DenyInsecureTransport\"}],\"Version\":\"2012-10-17\"}",
            "region": "us-west-2",
            "replication_configuration": [],
            "request_payer": "BucketOwner",
            "server_side_encryption_configuration": [
              {
                "rule": [
                  {
                    "apply_server_side_encryption_by_default": [
                      {
                        "kms_master_key_id": "",
                        "sse_algorithm": "AES256"
                      }
                    ],
                    "bucket_key_enabled": false
                  }
                ]
              }
            ],
            "tags": {
              "Component": "curriculum-import",
              "Environment": "development",
              "Project": "polyglot"
            },
            "tags_all": {
              "Component": "curriculum-import",
              "Environment": "development",
              "Project": "polyglot"
            },
            "timeouts": null,
            "versioning": [
              {
                "enabled": false,
                "mfa_delete": false
              }
            ],
            "website": [],
            "website_domain": null,
            "website_endpoint": null
          },
          "sensitive_attributes": [],
          "private": "eyJlMmJmYjczMC1lY2FhLTExZTYtOGY4OC0zNDM2M2JjN2M0YzAiOnsiY3JlYXRlIjoxMjAwMDAwMDAwMDAwLCJkZWxldGUiOjM2MDAwMDAwMDAwMDAsInJlYWQiOjEyMDAwMDAwMDAwMDAsInVwZGF0ZSI6MTIwMDAwMDAwMDAwMH19",
          "dependencies": [
            "module.curriculum_import.data.aws_caller_identity.current"
          ]
        }
      ]
    },
    {
      "module": "module.curriculum_import",
      "mode": "managed",
      "type": "aws_s3_bucket_cors_configuration",
      "name": "curriculum_imports",
      "provider": "provider[\"registry.terraform.io/hashicorp/aws\"]",
      "instances": [
        {
          "schema_version": 0,
          "attributes": {
            "bucket": "polyglot-dev-imports-205922933510",
            "cors_rule": [
              {
                "allowed_headers": [
                  "*"
                ],
                "allowed_methods": [
                  "PUT"
                ],
                "allowed_origins": [
                  "http://localhost:3000",
                  "http://localhost:3001",
                  "http://localhost:3002"
                ],
                "expose_headers": [],
                "id": "",
                "max_age_seconds": 3000
              }
            ],
            "expected_bucket_owner": "",
            "id": "polyglot-dev-imports-205922933510"
          },
          "sensitive_attributes": [],
          "private": "bnVsbA==",
          "dependencies": [
            "module.curriculum_import.aws_s3_bucket.curriculum_imports",
            "module.curriculum_import.data.aws_caller_identity.current"
          ]
        }
      ]
    },
    {
      "module": "module.curriculum_import",
      "mode": "managed",
      "type": "aws_s3_bucket_lifecycle_configuration",
      "name": "curriculum_imports",
      "provider": "provider[\"registry.terraform.io/hashicorp/aws\"]",
      "instances": [
        {
          "schema_version": 1,
          "attributes": {
            "bucket": "polyglot-dev-imports-205922933510",
            "expected_bucket_owner": "",
            "id": "polyglot-dev-imports-205922933510",
            "rule": [
              {
                "abort_incomplete_multipart_upload": [],
                "expiration": [
                  {
                    "date": null,
                    "days": 30,
                    "expired_object_delete_marker": false
                  }
                ],
                "filter": [
                  {
                    "and": [],
                    "object_size_greater_than": null,
                    "object_size_less_than": null,
                    "prefix": "imports/",
                    "tag": []
                  }
                ],
                "id": "expire-source-objects",
                "noncurrent_version_expiration": [],
                "noncurrent_version_transition": [],
                "prefix": "",
                "status": "Enabled",
                "transition": []
              }
            ],
            "timeouts": null,
            "transition_default_minimum_object_size": "all_storage_classes_128K"
          },
          "sensitive_attributes": [],
          "dependencies": [
            "module.curriculum_import.aws_s3_bucket.curriculum_imports",
            "module.curriculum_import.data.aws_caller_identity.current"
          ]
        }
      ]
    },
    {
      "module": "module.curriculum_import",
      "mode": "managed",
      "type": "aws_s3_bucket_notification",
      "name": "curriculum_imports",
      "provider": "provider[\"registry.terraform.io/hashicorp/aws\"]",
      "instances": [
        {
          "schema_version": 0,
          "attributes": {
            "bucket": "polyglot-dev-imports-205922933510",
            "eventbridge": false,
            "id": "polyglot-dev-imports-205922933510",
            "lambda_function": [],
            "queue": [
              {
                "events": [
                  "s3:ObjectCreated:*"
                ],
                "filter_prefix": "imports/",
                "filter_suffix": "",
                "id": "tf-s3-queue-20260913013558653500000001",
                "queue_arn": "arn:aws:sqs:us-west-2:205922933510:polyglot-dev-import-queue"
              }
            ],
            "topic": []
          },
          "sensitive_attributes": [],
          "private": "bnVsbA==",
          "dependencies": [
            "module.curriculum_import.aws_s3_bucket.curriculum_imports",
            "module.curriculum_import.aws_sqs_queue.curriculum_import_dlq",
            "module.curriculum_import.aws_sqs_queue.curriculum_import_queue",
            "module.curriculum_import.aws_sqs_queue_policy.curriculum_import_queue_allows_s3",
            "module.curriculum_import.data.aws_caller_identity.current"
          ]
        }
      ]
    },
    {
      "module": "module.curriculum_import",
      "mode": "managed",
      "type": "aws_s3_bucket_policy",
      "name": "curriculum_imports",
      "provider": "provider[\"registry.terraform.io/hashicorp/aws\"]",
      "instances": [
        {
          "schema_version": 0,
          "attributes": {
            "bucket": "polyglot-dev-imports-205922933510",
            "id": "polyglot-dev-imports-205922933510",
            "policy": "{\"Statement\":[{\"Action\":\"s3:*\",\"Condition\":{\"Bool\":{\"aws:SecureTransport\":\"false\"}},\"Effect\":\"Deny\",\"Principal\":\"*\",\"Resource\":[\"arn:aws:s3:::polyglot-dev-imports-205922933510\",\"arn:aws:s3:::polyglot-dev-imports-205922933510/*\"],\"Sid\":\"DenyInsecureTransport\"}],\"Version\":\"2012-10-17\"}"
          },
          "sensitive_attributes": [],
          "private": "bnVsbA==",
          "dependencies": [
            "module.curriculum_import.aws_s3_bucket.curriculum_imports",
            "module.curriculum_import.data.aws_caller_identity.current"
          ]
        }
      ]
    },
    {
      "module": "module.curriculum_import",
      "mode": "managed",
      "type": "aws_s3_bucket_public_access_block",
      "name": "curriculum_imports",
      "provider": "provider[\"registry.terraform.io/hashicorp/aws\"]",
      "instances": [
        {
          "schema_version": 0,
          "attributes": {
            "block_public_acls": true,
            "block_public_policy": true,
            "bucket": "polyglot-dev-imports-205922933510",
            "id": "polyglot-dev-imports-205922933510",
            "ignore_public_acls": true,
            "restrict_public_buckets": true
          },
          "sensitive_attributes": [],
          "private": "bnVsbA==",
          "dependencies": [
            "module.curriculum_import.aws_s3_bucket.curriculum_imports",
            "module.curriculum_import.data.aws_caller_identity.current"
          ]
        }
      ]
    },
    {
      "module": "module.curriculum_import",
      "mode": "managed",
      "type": "aws_sqs_queue",
      "name": "curriculum_import_dlq",
      "provider": "provider[\"registry.terraform.io/hashicorp/aws\"]",
      "instances": [
        {
          "schema_version": 0,
          "attributes": {
            "arn": "arn:aws:sqs:us-west-2:205922933510:polyglot-dev-import-dlq",
            "content_based_deduplication": false,
            "deduplication_scope": "",
            "delay_seconds": 0,
            "fifo_queue": false,
            "fifo_throughput_limit": "",
            "id": "https://sqs.us-west-2.amazonaws.com/205922933510/polyglot-dev-import-dlq",
            "kms_data_key_reuse_period_seconds": 300,
            "kms_master_key_id": "",
            "max_message_size": 262144,
            "message_retention_seconds": 1209600,
            "name": "polyglot-dev-import-dlq",
            "name_prefix": "",
            "policy": "",
            "receive_wait_time_seconds": 0,
            "redrive_allow_policy": "",
            "redrive_policy": "",
            "sqs_managed_sse_enabled": true,
            "tags": {
              "Component": "curriculum-import",
              "Environment": "development",
              "Project": "polyglot"
            },
            "tags_all": {
              "Component": "curriculum-import",
              "Environment": "development",
              "Project": "polyglot"
            },
            "timeouts": null,
            "url": "https://sqs.us-west-2.amazonaws.com/205922933510/polyglot-dev-import-dlq",
            "visibility_timeout_seconds": 30
          },
          "sensitive_attributes": [],
          "private": "eyJlMmJmYjczMC1lY2FhLTExZTYtOGY4OC0zNDM2M2JjN2M0YzAiOnsiY3JlYXRlIjoxODAwMDAwMDAwMDAsImRlbGV0ZSI6MTgwMDAwMDAwMDAwLCJ1cGRhdGUiOjE4MDAwMDAwMDAwMH19"
        }
      ]
    },
    {
      "module": "module.curriculum_import",
      "mode": "managed",
      "type": "aws_sqs_queue",
      "name": "curriculum_import_queue",
      "provider": "provider[\"registry.terraform.io/hashicorp/aws\"]",
      "instances": [
        {
          "schema_version": 0,
          "attributes": {
            "arn": "arn:aws:sqs:us-west-2:205922933510:polyglot-dev-import-queue",
            "content_based_deduplication": false,
            "deduplication_scope": "",
            "delay_seconds": 0,
            "fifo_queue": false,
            "fifo_throughput_limit": "",
            "id": "https://sqs.us-west-2.amazonaws.com/205922933510/polyglot-dev-import-queue",
            "kms_data_key_reuse_period_seconds": 300,
            "kms_master_key_id": "",
            "max_message_size": 262144,
            "message_retention_seconds": 345600,
            "name": "polyglot-dev-import-queue",
            "name_prefix": "",
            "policy": "{\"Statement\":[{\"Action\":\"sqs:SendMessage\",\"Condition\":{\"ArnEquals\":{\"aws:SourceArn\":\"arn:aws:s3:::polyglot-dev-imports-205922933510\"},\"StringEquals\":{\"aws:SourceAccount\":\"205922933510\"}},\"Effect\":\"Allow\",\"Principal\":{\"Service\":\"s3.amazonaws.com\"},\"Resource\":\"arn:aws:sqs:us-west-2:205922933510:polyglot-dev-import-queue\",\"Sid\":\"AllowS3BucketNotification\"}],\"Version\":\"2012-10-17\"}",
            "receive_wait_time_seconds": 0,
            "redrive_allow_policy": "",
            "redrive_policy": "{\"deadLetterTargetArn\":\"arn:aws:sqs:us-west-2:205922933510:polyglot-dev-import-dlq\",\"maxReceiveCount\":3}",
            "sqs_managed_sse_enabled": true,
            "tags": {
              "Component": "curriculum-import",
              "Environment": "development",
              "Project": "polyglot"
            },
            "tags_all": {
              "Component": "curriculum-import",
              "Environment": "development",
              "Project": "polyglot"
            },
            "timeouts": null,
            "url": "https://sqs.us-west-2.amazonaws.com/205922933510/polyglot-dev-import-queue",
            "visibility_timeout_seconds": 1800
          },
          "sensitive_attributes": [],
          "private": "eyJlMmJmYjczMC1lY2FhLTExZTYtOGY4OC0zNDM2M2JjN2M0YzAiOnsiY3JlYXRlIjoxODAwMDAwMDAwMDAsImRlbGV0ZSI6MTgwMDAwMDAwMDAwLCJ1cGRhdGUiOjE4MDAwMDAwMDAwMH19",
          "dependencies": [
            "module.curriculum_import.aws_sqs_queue.curriculum_import_dlq"
          ]
        }
      ]
    },
    {
      "module": "module.curriculum_import",
      "mode": "managed",
      "type": "aws_sqs_queue_policy",
      "name": "curriculum_import_queue_allows_s3",
      "provider": "provider[\"registry.terraform.io/hashicorp/aws\"]",
      "instances": [
        {
          "schema_version": 1,
          "attributes": {
            "id": "https://sqs.us-west-2.amazonaws.com/205922933510/polyglot-dev-import-queue",
            "policy": "{\"Statement\":[{\"Action\":\"sqs:SendMessage\",\"Condition\":{\"ArnEquals\":{\"aws:SourceArn\":\"arn:aws:s3:::polyglot-dev-imports-205922933510\"},\"StringEquals\":{\"aws:SourceAccount\":\"205922933510\"}},\"Effect\":\"Allow\",\"Principal\":{\"Service\":\"s3.amazonaws.com\"},\"Resource\":\"arn:aws:sqs:us-west-2:205922933510:polyglot-dev-import-queue\",\"Sid\":\"AllowS3BucketNotification\"}],\"Version\":\"2012-10-17\"}",
            "queue_url": "https://sqs.us-west-2.amazonaws.com/205922933510/polyglot-dev-import-queue"
          },
          "sensitive_attributes": [],
          "private": "eyJzY2hlbWFfdmVyc2lvbiI6IjEifQ==",
          "dependencies": [
            "module.curriculum_import.aws_s3_bucket.curriculum_imports",
            "module.curriculum_import.aws_sqs_queue.curriculum_import_dlq",
            "module.curriculum_import.aws_sqs_queue.curriculum_import_queue",
            "module.curriculum_import.data.aws_caller_identity.current"
          ]
        }
      ]
    },
    {
      "module": "module.curriculum_import",
      "mode": "managed",
      "type": "aws_ssm_parameter",
      "name": "database_url",
      "provider": "provider[\"registry.terraform.io/hashicorp/aws\"]",
      "instances": [
        {
          "schema_version": 0,
          "attributes": {
            "allowed_pattern": "",
            "arn": "arn:aws:ssm:us-west-2:205922933510:parameter/polyglot/development/curriculum-import/database-url",
            "data_type": "text",
            "description": "Neon DATABASE_URL for the curriculum-import Lambda. Set out-of-band via `aws ssm put-parameter --overwrite` — Terraform never manages this value after creation.",
            "has_value_wo": null,
            "id": "/polyglot/development/curriculum-import/database-url",
            "insecure_value": null,
            "key_id": "alias/aws/ssm",
            "name": "/polyglot/development/curriculum-import/database-url",
            "overwrite": null,
            "tags": {
              "Component": "curriculum-import",
              "Environment": "development",
              "Project": "polyglot"
            },
            "tags_all": {
              "Component": "curriculum-import",
              "Environment": "development",
              "Project": "polyglot"
            },
            "tier": "Standard",
            "type": "SecureString",
            "value": "postgresql://neondb_owner:npg_JNiL3rqzbwh8@ep-plain-silence-a6xttbuo-pooler.us-west-2.aws.neon.tech/neondb?sslmode=require\u0026channel_binding=require",
            "value_wo": null,
            "value_wo_version": null,
            "version": 2
          },
          "sensitive_attributes": [
            [
              {
                "type": "get_attr",
                "value": "value_wo"
              }
            ],
            [
              {
                "type": "get_attr",
                "value": "value"
              }
            ]
          ],
          "private": "bnVsbA=="
        }
      ]
    }
  ],
  "check_results": [
    {
      "object_kind": "var",
      "config_addr": "module.curriculum_import.var.environment",
      "status": "pass",
      "objects": [
        {
          "object_addr": "module.curriculum_import.var.environment",
          "status": "pass"
        }
      ]
    }
  ]
}
